
Microsoft Visual Studio Solution File, Format Version 12.00
# Visual Studio Version 17
VisualStudioVersion = 17.5.33530.505
MinimumVisualStudioVersion = 10.0.40219.1
Project("{8BC9CEB8-8B4A-11D0-8D11-00A0C91BC942}") = "StoreManagementSystem", "StoreManagementSystem.vcxproj", "{035A546C-DF03-45A5-B76B-89C52C271ADC}"
EndProject
Global
	GlobalSection(SolutionConfigurationPlatforms) = preSolution
		Debug|x64 = Debug|x64
		Release|x64 = Release|x64
	EndGlobalSection
	GlobalSection(ProjectConfigurationPlatforms) = postSolution
		{035A546C-DF03-45A5-B76B-89C52C271ADC}.Debug|x64.ActiveCfg = Debug|x64
		{035A546C-DF03-45A5-B76B-89C52C271ADC}.Debug|x64.Build.0 = Debug|x64
		{035A546C-DF03-45A5-B76B-89C52C271ADC}.Release|x64.ActiveCfg = Release|x64
		{035A546C-DF03-45A5-B76B-89C52C271ADC}.Release|x64.Build.0 = Release|x64
	EndGlobalSection
	GlobalSection(SolutionProperties) = preSolution
		HideSolutionNode = FALSE
	EndGlobalSection
	GlobalSection(ExtensibilityGlobals) = postSolution
		SolutionGuid = {3F73279E-DAB5-4EAA-84C0-C50B997E9DB5}
	EndGlobalSection
EndGlobal
