<?xml version="1.0" encoding="utf-8"?>
<Project ToolsVersion="4.0" xmlns="http://schemas.microsoft.com/developer/msbuild/2003">
  <ItemGroup>
    <Filter Include="Source Files">
      <UniqueIdentifier>{4FC737F1-C7A5-4376-A066-2A32D752A2FF}</UniqueIdentifier>
      <Extensions>cpp;c;cc;cxx;def;odl;idl;hpj;bat;asm;asmx</Extensions>
    </Filter>
    <Filter Include="Header Files">
      <UniqueIdentifier>{93995380-89BD-4b04-88EB-625FBE52EBFB}</UniqueIdentifier>
      <Extensions>h;hh;hpp;hxx;hm;inl;inc;xsd</Extensions>
    </Filter>
    <Filter Include="Resource Files">
      <UniqueIdentifier>{67DA6AB6-F800-4c08-8B7A-83BB121AAD01}</UniqueIdentifier>
      <Extensions>qrc;rc;ico;cur;bmp;dlg;rc2;rct;bin;rgs;gif;jpg;jpeg;jpe;resx;tiff;tif;png;wav;mfcribbon-ms</Extensions>
    </Filter>
    <Filter Include="Form Files">
      <UniqueIdentifier>{99349809-55BA-4b9d-BF79-8FDBB0286EB3}</UniqueIdentifier>
      <Extensions>ui</Extensions>
    </Filter>
    <Filter Include="Translation Files">
      <UniqueIdentifier>{639EADAA-A684-42e4-A9AD-28FC9BCB8F7C}</UniqueIdentifier>
      <Extensions>ts</Extensions>
    </Filter>
    <Filter Include="Source Files\App">
      <UniqueIdentifier>{72f71189-7238-4559-b3e6-7b65f4e5643d}</UniqueIdentifier>
    </Filter>
    <Filter Include="Source Files\Business">
      <UniqueIdentifier>{c3122c1d-a97c-4f24-b8ba-9b00ecc1ace1}</UniqueIdentifier>
    </Filter>
    <Filter Include="Source Files\Business\Service">
      <UniqueIdentifier>{4a0ed9cc-993d-4e22-a45e-3e980f572451}</UniqueIdentifier>
    </Filter>
    <Filter Include="Source Files\Business\ServiceException">
      <UniqueIdentifier>{e8975dc0-64d5-4e0a-9bbb-bdb5ef00a732}</UniqueIdentifier>
    </Filter>
    <Filter Include="Source Files\Cos">
      <UniqueIdentifier>{dac0cccc-9b36-4360-8d05-01f7588793ca}</UniqueIdentifier>
    </Filter>
    <Filter Include="Source Files\Cos\CosException">
      <UniqueIdentifier>{be706a03-1651-4efa-99d6-f4295e28ddf9}</UniqueIdentifier>
    </Filter>
    <Filter Include="Source Files\Cos\CosCumparaturi">
      <UniqueIdentifier>{ea358f2e-c9e2-4a5e-8c60-63c7c24f28e7}</UniqueIdentifier>
    </Filter>
    <Filter Include="Source Files\Domain">
      <UniqueIdentifier>{154289a0-6dca-49e5-a395-329586d04fd3}</UniqueIdentifier>
    </Filter>
    <Filter Include="Source Files\Domain\Entities">
      <UniqueIdentifier>{fa603a6d-1774-47e9-b829-3d2e8fda0043}</UniqueIdentifier>
    </Filter>
    <Filter Include="Source Files\Domain\EntityException">
      <UniqueIdentifier>{1b123d23-7fec-4392-a867-f5f63e292de4}</UniqueIdentifier>
    </Filter>
    <Filter Include="Source Files\Exception">
      <UniqueIdentifier>{9b6ec9da-d519-4eb4-8ff6-2c6424ef1ccd}</UniqueIdentifier>
    </Filter>
    <Filter Include="Source Files\Infrastructure">
      <UniqueIdentifier>{65a029de-0e6f-427d-a258-5eb05733e077}</UniqueIdentifier>
    </Filter>
    <Filter Include="Source Files\Infrastructure\RepoException">
      <UniqueIdentifier>{5b3f6a8b-fa66-4f90-9b37-baf6317d2dd4}</UniqueIdentifier>
    </Filter>
    <Filter Include="Source Files\Infrastructure\Repository">
      <UniqueIdentifier>{05d4b19b-d96b-404c-9e34-6cd0763ca569}</UniqueIdentifier>
    </Filter>
    <Filter Include="Source Files\Infrastructure\Repository\AbstractRepo">
      <UniqueIdentifier>{8df8d1ff-d8c6-45af-a045-77cd1b05e7d8}</UniqueIdentifier>
    </Filter>
    <Filter Include="Source Files\Infrastructure\Repository\ExceptionRepo">
      <UniqueIdentifier>{b2643ed5-8502-487b-b923-5188ed3f0b7d}</UniqueIdentifier>
    </Filter>
    <Filter Include="Source Files\Infrastructure\Repository\FileRepo">
      <UniqueIdentifier>{8eadf511-3942-42ee-835b-fcec3138ed71}</UniqueIdentifier>
    </Filter>
    <Filter Include="Source Files\Infrastructure\Repository\InMemoryRepo">
      <UniqueIdentifier>{d6c067a3-aa60-4d94-a1d5-7fc712a5d624}</UniqueIdentifier>
    </Filter>
    <Filter Include="Source Files\Presentation">
      <UniqueIdentifier>{4059a112-0625-447a-8881-66c522b81305}</UniqueIdentifier>
    </Filter>
    <Filter Include="Source Files\Presentation\GUI">
      <UniqueIdentifier>{a61a94a9-0974-429e-9246-0b602fabdd6e}</UniqueIdentifier>
    </Filter>
    <Filter Include="Source Files\Presentation\UI">
      <UniqueIdentifier>{ecd8d4e3-06f8-4a6b-90e1-031a1aa4c470}</UniqueIdentifier>
    </Filter>
    <Filter Include="Source Files\Testing">
      <UniqueIdentifier>{f055dc2b-d89a-4758-9664-48b3dd1ea908}</UniqueIdentifier>
    </Filter>
    <Filter Include="Source Files\Undo">
      <UniqueIdentifier>{ebc17f75-f3a9-4a52-a35f-5e519b4f906b}</UniqueIdentifier>
    </Filter>
    <Filter Include="Source Files\Utils">
      <UniqueIdentifier>{68b15817-d651-4e42-ac86-a88ed0e508aa}</UniqueIdentifier>
    </Filter>
    <Filter Include="Source Files\Validation">
      <UniqueIdentifier>{a4e66cfe-6271-41c7-8b22-ab6b9fabaf6a}</UniqueIdentifier>
    </Filter>
    <Filter Include="Source Files\Validation\EntityValidator">
      <UniqueIdentifier>{f28e30a6-5d47-4c10-8890-b92359372f3e}</UniqueIdentifier>
    </Filter>
    <Filter Include="Source Files\Undo\AbstractUndo">
      <UniqueIdentifier>{7041e6ee-d627-448a-875f-3983367c23e4}</UniqueIdentifier>
    </Filter>
    <Filter Include="Source Files\Testing\TestingValidation">
      <UniqueIdentifier>{e9d5590e-40c6-443d-adf4-161ec70d3bb2}</UniqueIdentifier>
    </Filter>
    <Filter Include="Source Files\Testing\TestingUtils">
      <UniqueIdentifier>{7d8e70ad-8a33-4bf4-89ad-f9398b88b630}</UniqueIdentifier>
    </Filter>
    <Filter Include="Source Files\Testing\TestingUndo">
      <UniqueIdentifier>{7af74102-2528-4f54-a442-7fe1cf28e13b}</UniqueIdentifier>
    </Filter>
    <Filter Include="Source Files\Testing\TestingInfrastructure">
      <UniqueIdentifier>{54b7d26a-a9c2-4f03-b038-b7264bdfd201}</UniqueIdentifier>
    </Filter>
    <Filter Include="Source Files\Testing\TestingDomain">
      <UniqueIdentifier>{b37819fe-41f2-44f6-92d8-a2a344f72f45}</UniqueIdentifier>
    </Filter>
    <Filter Include="Source Files\Testing\TestingCos">
      <UniqueIdentifier>{52c05ce7-9de7-4a78-a870-23498da8a248}</UniqueIdentifier>
    </Filter>
    <Filter Include="Source Files\Testing\TestingBusiness">
      <UniqueIdentifier>{847a9ab9-afe2-4385-9d3a-405717770c48}</UniqueIdentifier>
    </Filter>
    <Filter Include="Source Files\Testing\TestingApp">
      <UniqueIdentifier>{85927902-888c-4d70-82de-4689beb524ef}</UniqueIdentifier>
    </Filter>
    <Filter Include="Source Files\Testing\TestingInfrastructure\TestingInMemoryRepo">
      <UniqueIdentifier>{fb3101e9-b533-4c48-895e-2e00ff36e151}</UniqueIdentifier>
    </Filter>
    <Filter Include="Source Files\Testing\TestingInfrastructure\TestingFileRepo">
      <UniqueIdentifier>{f5ac428f-4cae-4ead-8a65-6ee0536f01b5}</UniqueIdentifier>
    </Filter>
    <Filter Include="Source Files\Testing\TestingInfrastructure\TestingExceptionRepo">
      <UniqueIdentifier>{01c00034-9210-4d4b-8e62-87ad9008dabf}</UniqueIdentifier>
    </Filter>
    <Filter Include="Source Files\Observer Design Pattern">
      <UniqueIdentifier>{6a468b8d-f757-4856-949d-1226ef005fe9}</UniqueIdentifier>
    </Filter>
    <Filter Include="Source Files\Presentation\GUI\Widgets">
      <UniqueIdentifier>{7ea80895-8412-4086-9e71-e5e83e263878}</UniqueIdentifier>
    </Filter>
    <Filter Include="Source Files\Presentation\GUI\Widgets\CosReadOnlyGUI">
      <UniqueIdentifier>{5c508944-867b-4984-95e9-8251c83b12dc}</UniqueIdentifier>
    </Filter>
    <Filter Include="Source Files\Presentation\GUI\Widgets\CosCRUDGUI">
      <UniqueIdentifier>{12bbbaa8-5d11-4cf6-aed5-62b77a22425e}</UniqueIdentifier>
    </Filter>
    <Filter Include="Source Files\Presentation\GUI\MainWindow">
      <UniqueIdentifier>{4f86ca22-31d8-4b30-b694-8b8054e0b512}</UniqueIdentifier>
    </Filter>
    <Filter Include="Source Files\Presentation\GUI\Widgets\HistogramGUI">
      <UniqueIdentifier>{656220eb-b9b9-4664-93b6-d29ac4e6b9cc}</UniqueIdentifier>
    </Filter>
    <Filter Include="Source Files\Models">
      <UniqueIdentifier>{06ded77c-2bb6-4b67-9821-6e119458f950}</UniqueIdentifier>
    </Filter>
    <Filter Include="Source Files\Models\ListModelTypes">
      <UniqueIdentifier>{c816a554-f393-4df2-9eff-50d4e50f2c06}</UniqueIdentifier>
    </Filter>
    <Filter Include="Source Files\Presentation\GUI\Widgets\TipuriProduseGUI">
      <UniqueIdentifier>{f2eaa9bb-df5e-43d6-a608-996b269973c2}</UniqueIdentifier>
    </Filter>
    <Filter Include="Source Files\Models\TableModelCosCRUDGUI">
      <UniqueIdentifier>{b126f5c1-7e8c-472e-9277-c060b94d1aa9}</UniqueIdentifier>
    </Filter>
    <Filter Include="Source Files\Models\ListModelCosCRUDGUI">
      <UniqueIdentifier>{ee826927-4620-43da-8bcb-54c147630ec3}</UniqueIdentifier>
    </Filter>
    <Filter Include="Source Files\Models\TableModelCos">
      <UniqueIdentifier>{3da006bf-dd2f-4534-8256-e6169189c9ba}</UniqueIdentifier>
    </Filter>
    <Filter Include="Source Files\Models\ListModelCos">
      <UniqueIdentifier>{c05cef36-8138-45c1-8ec3-e80b9c96e396}</UniqueIdentifier>
    </Filter>
    <Filter Include="Source Files\Models\ListModelProducts">
      <UniqueIdentifier>{affbc2ae-077e-411a-9941-b7fdd1f03bb3}</UniqueIdentifier>
    </Filter>
    <Filter Include="Source Files\Models\TableModelProducts">
      <UniqueIdentifier>{622b5ff2-49c9-42ea-b8c2-fcaa177080ee}</UniqueIdentifier>
    </Filter>
  </ItemGroup>
  <ItemGroup>
    <QtUic Include="MagazinGUI.ui">
      <Filter>Form Files</Filter>
    </QtUic>
  </ItemGroup>
  <ItemGroup>
    <ClCompile Include="ApplicationCoordinator.cpp">
      <Filter>Source Files\App</Filter>
    </ClCompile>
    <ClCompile Include="main.cpp">
      <Filter>Source Files\App</Filter>
    </ClCompile>
    <ClCompile Include="Service.cpp">
      <Filter>Source Files\Business\Service</Filter>
    </ClCompile>
    <ClCompile Include="CosCumparaturi.cpp">
      <Filter>Source Files\Cos\CosCumparaturi</Filter>
    </ClCompile>
    <ClCompile Include="Product.cpp">
      <Filter>Source Files\Domain\Entities</Filter>
    </ClCompile>
    <ClCompile Include="Exception.cpp">
      <Filter>Source Files\Exception</Filter>
    </ClCompile>
    <ClCompile Include="ExceptionRepo.cpp">
      <Filter>Source Files\Infrastructure\Repository\ExceptionRepo</Filter>
    </ClCompile>
    <ClCompile Include="FileRepository.cpp">
      <Filter>Source Files\Infrastructure\Repository\FileRepo</Filter>
    </ClCompile>
    <ClCompile Include="Repository.cpp">
      <Filter>Source Files\Infrastructure\Repository\InMemoryRepo</Filter>
    </ClCompile>
    <ClCompile Include="Console.cpp">
      <Filter>Source Files\Presentation\UI</Filter>
    </ClCompile>
    <ClCompile Include="ProductValidator.cpp">
      <Filter>Source Files\Validation\EntityValidator</Filter>
    </ClCompile>
    <ClCompile Include="Utils.cpp">
      <Filter>Source Files\Utils</Filter>
    </ClCompile>
    <ClCompile Include="Undo.cpp">
      <Filter>Source Files\Undo\AbstractUndo</Filter>
    </ClCompile>
    <ClCompile Include="TestingApp.cpp">
      <Filter>Source Files\Testing\TestingApp</Filter>
    </ClCompile>
    <ClCompile Include="TestingService.cpp">
      <Filter>Source Files\Testing\TestingBusiness</Filter>
    </ClCompile>
    <ClCompile Include="TestingCosCumparaturi.cpp">
      <Filter>Source Files\Testing\TestingCos</Filter>
    </ClCompile>
    <ClCompile Include="TestingDomain.cpp">
      <Filter>Source Files\Testing\TestingDomain</Filter>
    </ClCompile>
    <ClCompile Include="TestingUndo.cpp">
      <Filter>Source Files\Testing\TestingUndo</Filter>
    </ClCompile>
    <ClCompile Include="TestingUtils.cpp">
      <Filter>Source Files\Testing\TestingUtils</Filter>
    </ClCompile>
    <ClCompile Include="TestingValidation.cpp">
      <Filter>Source Files\Testing\TestingValidation</Filter>
    </ClCompile>
    <ClCompile Include="TestingExceptionRepo.cpp">
      <Filter>Source Files\Testing\TestingInfrastructure\TestingExceptionRepo</Filter>
    </ClCompile>
    <ClCompile Include="TestingRepo.cpp">
      <Filter>Source Files\Testing\TestingInfrastructure\TestingInMemoryRepo</Filter>
    </ClCompile>
    <ClCompile Include="TestingFileRepo.cpp">
      <Filter>Source Files\Testing\TestingInfrastructure\TestingFileRepo</Filter>
    </ClCompile>
    <ClCompile Include="CosCRUDGUI.cpp">
      <Filter>Source Files\Presentation\GUI\Widgets\CosCRUDGUI</Filter>
    </ClCompile>
    <ClCompile Include="GUI.cpp">
      <Filter>Source Files\Presentation\GUI\MainWindow</Filter>
    </ClCompile>
  </ItemGroup>
  <ItemGroup>
    <ClInclude Include="Service.h">
      <Filter>Source Files\Business\Service</Filter>
    </ClInclude>
    <ClInclude Include="ServiceException.h">
      <Filter>Source Files\Business\ServiceException</Filter>
    </ClInclude>
    <ClInclude Include="CosException.h">
      <Filter>Source Files\Cos\CosException</Filter>
    </ClInclude>
    <ClInclude Include="CosCumparaturi.h">
      <Filter>Source Files\Cos\CosCumparaturi</Filter>
    </ClInclude>
    <ClInclude Include="Product.h">
      <Filter>Source Files\Domain\Entities</Filter>
    </ClInclude>
    <ClInclude Include="ProductException.h">
      <Filter>Source Files\Domain\EntityException</Filter>
    </ClInclude>
    <ClInclude Include="Exception.h">
      <Filter>Source Files\Exception</Filter>
    </ClInclude>
    <ClInclude Include="RepoException.h">
      <Filter>Source Files\Infrastructure\RepoException</Filter>
    </ClInclude>
    <ClInclude Include="AbstractRepo.h">
      <Filter>Source Files\Infrastructure\Repository\AbstractRepo</Filter>
    </ClInclude>
    <ClInclude Include="ExceptionRepo.h">
      <Filter>Source Files\Infrastructure\Repository\ExceptionRepo</Filter>
    </ClInclude>
    <ClInclude Include="FileRepository.h">
      <Filter>Source Files\Infrastructure\Repository\FileRepo</Filter>
    </ClInclude>
    <ClInclude Include="Repository.h">
      <Filter>Source Files\Infrastructure\Repository\InMemoryRepo</Filter>
    </ClInclude>
    <ClInclude Include="Console.h">
      <Filter>Source Files\Presentation\UI</Filter>
    </ClInclude>
    <ClInclude Include="ProductValidator.h">
      <Filter>Source Files\Validation\EntityValidator</Filter>
    </ClInclude>
    <ClInclude Include="Utils.h">
      <Filter>Source Files\Utils</Filter>
    </ClInclude>
    <ClInclude Include="Undo.h">
      <Filter>Source Files\Undo\AbstractUndo</Filter>
    </ClInclude>
    <ClInclude Include="TestingApp.h">
      <Filter>Source Files\Testing\TestingApp</Filter>
    </ClInclude>
    <ClInclude Include="TestingService.h">
      <Filter>Source Files\Testing\TestingBusiness</Filter>
    </ClInclude>
    <ClInclude Include="TestingCosCumparaturi.h">
      <Filter>Source Files\Testing\TestingCos</Filter>
    </ClInclude>
    <ClInclude Include="TestingDomain.h">
      <Filter>Source Files\Testing\TestingDomain</Filter>
    </ClInclude>
    <ClInclude Include="TestingUndo.h">
      <Filter>Source Files\Testing\TestingUndo</Filter>
    </ClInclude>
    <ClInclude Include="TestingUtils.h">
      <Filter>Source Files\Testing\TestingUtils</Filter>
    </ClInclude>
    <ClInclude Include="TestingValidation.h">
      <Filter>Source Files\Testing\TestingValidation</Filter>
    </ClInclude>
    <ClInclude Include="TestingExceptionRepo.h">
      <Filter>Source Files\Testing\TestingInfrastructure\TestingExceptionRepo</Filter>
    </ClInclude>
    <ClInclude Include="TestingFileRepo.h">
      <Filter>Source Files\Testing\TestingInfrastructure\TestingFileRepo</Filter>
    </ClInclude>
    <ClInclude Include="TestingRepo.h">
      <Filter>Source Files\Testing\TestingInfrastructure\TestingInMemoryRepo</Filter>
    </ClInclude>
    <ClInclude Include="CosReadOnlyGUI.h">
      <Filter>Source Files\Presentation\GUI\Widgets\CosReadOnlyGUI</Filter>
    </ClInclude>
    <ClInclude Include="CosCRUDGUI.h">
      <Filter>Source Files\Presentation\GUI\Widgets\CosCRUDGUI</Filter>
    </ClInclude>
    <ClInclude Include="Observer.h">
      <Filter>Source Files\Observer Design Pattern</Filter>
    </ClInclude>
    <ClInclude Include="GUI.h">
      <Filter>Source Files\Presentation\GUI\MainWindow</Filter>
    </ClInclude>
    <ClInclude Include="HistogramGUI.h">
      <Filter>Source Files\Presentation\GUI\Widgets\HistogramGUI</Filter>
    </ClInclude>
    <ClInclude Include="ListModelCosCRUDGUI.h">
      <Filter>Source Files\Models\ListModelCosCRUDGUI</Filter>
    </ClInclude>
    <ClInclude Include="TableModelCosCRUDGUI.h">
      <Filter>Source Files\Models\TableModelCosCRUDGUI</Filter>
    </ClInclude>
    <ClInclude Include="ListModelTypes.h">
      <Filter>Source Files\Models\ListModelTypes</Filter>
    </ClInclude>
    <ClInclude Include="TipuriProduseGUI.h">
      <Filter>Source Files\Presentation\GUI\Widgets\TipuriProduseGUI</Filter>
    </ClInclude>
    <ClInclude Include="TableModelCos.h">
      <Filter>Source Files\Models\TableModelCos</Filter>
    </ClInclude>
    <ClInclude Include="ListModelCos.h">
      <Filter>Source Files\Models\ListModelCos</Filter>
    </ClInclude>
    <ClInclude Include="ListModelProducts.h">
      <Filter>Source Files\Models\ListModelProducts</Filter>
    </ClInclude>
    <ClInclude Include="TableModelProducts.h">
      <Filter>Source Files\Models\TableModelProducts</Filter>
    </ClInclude>
  </ItemGroup>
</Project>